
Microsoft Visual Studio Solution File, Format Version 12.00
# Visual Studio Version 17
VisualStudioVersion = 17.5.33530.505
MinimumVisualStudioVersion = 10.0.40219.1
Project("{FAE04EC0-301F-11D3-BF4B-00C04F79EFBC}") = "opgave1", "opgave1.csproj", "{BB7849A5-1DB8-4ED1-8920-465CC8290981}"
EndProject
Global
	GlobalSection(SolutionConfigurationPlatforms) = preSolution
		Debug|Any CPU = Debug|Any CPU
		Release|Any CPU = Release|Any CPU
	EndGlobalSection
	GlobalSection(ProjectConfigurationPlatforms) = postSolution
		{BB7849A5-1DB8-4ED1-8920-465CC8290981}.Debug|Any CPU.ActiveCfg = Debug|Any CPU
		{BB7849A5-1DB8-4ED1-8920-465CC8290981}.Debug|Any CPU.Build.0 = Debug|Any CPU
		{BB7849A5-1DB8-4ED1-8920-465CC8290981}.Release|Any CPU.ActiveCfg = Release|Any CPU
		{BB7849A5-1DB8-4ED1-8920-465CC8290981}.Release|Any CPU.Build.0 = Release|Any CPU
	EndGlobalSection
	GlobalSection(SolutionProperties) = preSolution
		HideSolutionNode = FALSE
	EndGlobalSection
	GlobalSection(ExtensibilityGlobals) = postSolution
		SolutionGuid = {C4006B3E-2E13-43A4-AC27-8EAFCF340234}
	EndGlobalSection
EndGlobal
